
Microsoft Visual Studio Solution File, Format Version 12.00
# Visual Studio Version 16
VisualStudioVersion = 16.0.30611.23
MinimumVisualStudioVersion = 10.0.40219.1
Project("{FAE04EC0-301F-11D3-BF4B-00C04F79EFBC}") = "adet-mid-assignment-Perez-Lenie", "adet-mid-assignment-Perez-Lenie.csproj", "{73764C37-AF4F-46C3-B599-5CC5E65690F5}"
EndProject
Global
	GlobalSection(SolutionConfigurationPlatforms) = preSolution
		Debug|Any CPU = Debug|Any CPU
		Release|Any CPU = Release|Any CPU
	EndGlobalSection
	GlobalSection(ProjectConfigurationPlatforms) = postSolution
		{73764C37-AF4F-46C3-B599-5CC5E65690F5}.Debug|Any CPU.ActiveCfg = Debug|Any CPU
		{73764C37-AF4F-46C3-B599-5CC5E65690F5}.Debug|Any CPU.Build.0 = Debug|Any CPU
		{73764C37-AF4F-46C3-B599-5CC5E65690F5}.Release|Any CPU.ActiveCfg = Release|Any CPU
		{73764C37-AF4F-46C3-B599-5CC5E65690F5}.Release|Any CPU.Build.0 = Release|Any CPU
	EndGlobalSection
	GlobalSection(SolutionProperties) = preSolution
		HideSolutionNode = FALSE
	EndGlobalSection
	GlobalSection(ExtensibilityGlobals) = postSolution
		SolutionGuid = {2772B751-C778-4625-99A1-18743AC3ED2F}
	EndGlobalSection
EndGlobal
